
Microsoft Visual Studio Solution File, Format Version 12.00
# Visual Studio Version 16
VisualStudioVersion = 16.0.30309.148
MinimumVisualStudioVersion = 10.0.40219.1
Project("{FAE04EC0-301F-11D3-BF4B-00C04F79EFBC}") = "SESerializer", "SESerializer.csproj", "{CAD03C1D-0C4B-41D9-9FA9-B4CE49554B0E}"
EndProject
Global
	GlobalSection(SolutionConfigurationPlatforms) = preSolution
		Debug|Any CPU = Debug|Any CPU
		Release|Any CPU = Release|Any CPU
	EndGlobalSection
	GlobalSection(ProjectConfigurationPlatforms) = postSolution
		{CAD03C1D-0C4B-41D9-9FA9-B4CE49554B0E}.Debug|Any CPU.ActiveCfg = Debug|Any CPU
		{CAD03C1D-0C4B-41D9-9FA9-B4CE49554B0E}.Debug|Any CPU.Build.0 = Debug|Any CPU
		{CAD03C1D-0C4B-41D9-9FA9-B4CE49554B0E}.Release|Any CPU.ActiveCfg = Release|Any CPU
		{CAD03C1D-0C4B-41D9-9FA9-B4CE49554B0E}.Release|Any CPU.Build.0 = Release|Any CPU
	EndGlobalSection
	GlobalSection(SolutionProperties) = preSolution
		HideSolutionNode = FALSE
	EndGlobalSection
	GlobalSection(ExtensibilityGlobals) = postSolution
		SolutionGuid = {E30D2745-6EF7-451A-BB22-8298A5FCC71C}
	EndGlobalSection
EndGlobal
