
Microsoft Visual Studio Solution File, Format Version 12.00
# Visual Studio Version 16
VisualStudioVersion = 16.0.29503.13
MinimumVisualStudioVersion = 10.0.40219.1
Project("{9A19103F-16F7-4668-BE54-9A1E7A4F7556}") = "SE", "SE.csproj", "{9B6B2E29-61F0-4264-83EC-1347FDFBEB70}"
EndProject
Global
	GlobalSection(SolutionConfigurationPlatforms) = preSolution
		Debug|Any CPU = Debug|Any CPU
		Release|Any CPU = Release|Any CPU
	EndGlobalSection
	GlobalSection(ProjectConfigurationPlatforms) = postSolution
		{9B6B2E29-61F0-4264-83EC-1347FDFBEB70}.Debug|Any CPU.ActiveCfg = Debug|Any CPU
		{9B6B2E29-61F0-4264-83EC-1347FDFBEB70}.Debug|Any CPU.Build.0 = Debug|Any CPU
		{9B6B2E29-61F0-4264-83EC-1347FDFBEB70}.Release|Any CPU.ActiveCfg = Release|Any CPU
		{9B6B2E29-61F0-4264-83EC-1347FDFBEB70}.Release|Any CPU.Build.0 = Release|Any CPU
	EndGlobalSection
	GlobalSection(SolutionProperties) = preSolution
		HideSolutionNode = FALSE
	EndGlobalSection
	GlobalSection(ExtensibilityGlobals) = postSolution
		SolutionGuid = {C02C38B5-736A-4889-BCF2-A9C34B23DC94}
	EndGlobalSection
EndGlobal
