
Microsoft Visual Studio Solution File, Format Version 12.00
# Visual Studio Version 16
VisualStudioVersion = 16.0.29324.140
MinimumVisualStudioVersion = 10.0.40219.1
Project("{9A19103F-16F7-4668-BE54-9A1E7A4F7556}") = "SELauncher", "SELauncher.csproj", "{0E49576D-5835-4BB1-A84D-846155A4A8DE}"
	ProjectSection(ProjectDependencies) = postProject
		{B39C0F48-2F64-419E-BFED-2C6D0DB9D227} = {B39C0F48-2F64-419E-BFED-2C6D0DB9D227}
		{0954A5AD-2807-4C78-A6F3-A16A88119AF3} = {0954A5AD-2807-4C78-A6F3-A16A88119AF3}
	EndProjectSection
EndProject
Project("{9A19103F-16F7-4668-BE54-9A1E7A4F7556}") = "SE", "..\Engine\SE.csproj", "{B39C0F48-2F64-419E-BFED-2C6D0DB9D227}"
	ProjectSection(ProjectDependencies) = postProject
		{ED465621-F944-4150-BBF0-DBC2C0F968DC} = {ED465621-F944-4150-BBF0-DBC2C0F968DC}
		{35072C23-80EE-4A0E-AF32-42E3F429AE35} = {35072C23-80EE-4A0E-AF32-42E3F429AE35}
		{3F53D144-2287-485F-91ED-FDA8435396B9} = {3F53D144-2287-485F-91ED-FDA8435396B9}
		{BBD0329F-5AF9-4958-BA54-7EFD34F3D064} = {BBD0329F-5AF9-4958-BA54-7EFD34F3D064}
		{C68ACFAF-62B2-412D-A4C0-912F9590D88A} = {C68ACFAF-62B2-412D-A4C0-912F9590D88A}
		{56DDEAC8-8C91-4283-98C4-D315A8B76A16} = {56DDEAC8-8C91-4283-98C4-D315A8B76A16}
		{B38B99CD-F6F1-4289-B50C-D26B68C92675} = {B38B99CD-F6F1-4289-B50C-D26B68C92675}
	EndProjectSection
EndProject
Project("{9A19103F-16F7-4668-BE54-9A1E7A4F7556}") = "SEDemos", "..\Demos\SEDemos.csproj", "{0954A5AD-2807-4C78-A6F3-A16A88119AF3}"
	ProjectSection(ProjectDependencies) = postProject
		{B39C0F48-2F64-419E-BFED-2C6D0DB9D227} = {B39C0F48-2F64-419E-BFED-2C6D0DB9D227}
	EndProjectSection
EndProject
Project("{9A19103F-16F7-4668-BE54-9A1E7A4F7556}") = "SENet", "..\SENet\SENet.csproj", "{35072C23-80EE-4A0E-AF32-42E3F429AE35}"
EndProject
Project("{2150E333-8FDC-42A3-9474-1A3956D46DE8}") = "Dependencies", "Dependencies", "{AF0FF40E-C49B-4E6E-9022-832527A001DB}"
EndProject
Project("{9A19103F-16F7-4668-BE54-9A1E7A4F7556}") = "Aether.Physics2D.NETSTANDARD.MG", "..\_DEPENDENCIES\Aether.Physics2D\Physics2D\Aether.Physics2D.NETSTANDARD.MG.csproj", "{C68ACFAF-62B2-412D-A4C0-912F9590D88A}"
	ProjectSection(ProjectDependencies) = postProject
		{BBD0329F-5AF9-4958-BA54-7EFD34F3D064} = {BBD0329F-5AF9-4958-BA54-7EFD34F3D064}
	EndProjectSection
EndProject
Project("{9A19103F-16F7-4668-BE54-9A1E7A4F7556}") = "MonoGame.Framework.DesktopGL", "..\_DEPENDENCIES\MonoGame\MonoGame.Framework\MonoGame.Framework.DesktopGL.csproj", "{BBD0329F-5AF9-4958-BA54-7EFD34F3D064}"
EndProject
Project("{9A19103F-16F7-4668-BE54-9A1E7A4F7556}") = "FastMember", "..\_DEPENDENCIES\fast-member\FastMember\FastMember.csproj", "{56DDEAC8-8C91-4283-98C4-D315A8B76A16}"
EndProject
Project("{9A19103F-16F7-4668-BE54-9A1E7A4F7556}") = "LiteNetLib", "..\_DEPENDENCIES\LiteNetLib\LiteNetLib\LiteNetLib.csproj", "{B38B99CD-F6F1-4289-B50C-D26B68C92675}"
EndProject
Project("{FAE04EC0-301F-11D3-BF4B-00C04F79EFBC}") = "MonoGame.Penumbra.DesktopGL", "..\_DEPENDENCIES\penumbra\Source\MonoGame.Penumbra.DesktopGL.csproj", "{3F53D144-2287-485F-91ED-FDA8435396B9}"
EndProject
Project("{9A19103F-16F7-4668-BE54-9A1E7A4F7556}") = "SEInput", "..\SEInput\SEInput.csproj", "{ED465621-F944-4150-BBF0-DBC2C0F968DC}"
EndProject
Global
	GlobalSection(SolutionConfigurationPlatforms) = preSolution
		Debug|Any CPU = Debug|Any CPU
		Release|Any CPU = Release|Any CPU
	EndGlobalSection
	GlobalSection(ProjectConfigurationPlatforms) = postSolution
		{0E49576D-5835-4BB1-A84D-846155A4A8DE}.Debug|Any CPU.ActiveCfg = Debug|Any CPU
		{0E49576D-5835-4BB1-A84D-846155A4A8DE}.Debug|Any CPU.Build.0 = Debug|Any CPU
		{0E49576D-5835-4BB1-A84D-846155A4A8DE}.Release|Any CPU.ActiveCfg = Release|Any CPU
		{0E49576D-5835-4BB1-A84D-846155A4A8DE}.Release|Any CPU.Build.0 = Release|Any CPU
		{B39C0F48-2F64-419E-BFED-2C6D0DB9D227}.Debug|Any CPU.ActiveCfg = Debug|Any CPU
		{B39C0F48-2F64-419E-BFED-2C6D0DB9D227}.Debug|Any CPU.Build.0 = Debug|Any CPU
		{B39C0F48-2F64-419E-BFED-2C6D0DB9D227}.Release|Any CPU.ActiveCfg = Release|Any CPU
		{B39C0F48-2F64-419E-BFED-2C6D0DB9D227}.Release|Any CPU.Build.0 = Release|Any CPU
		{0954A5AD-2807-4C78-A6F3-A16A88119AF3}.Debug|Any CPU.ActiveCfg = Debug|Any CPU
		{0954A5AD-2807-4C78-A6F3-A16A88119AF3}.Debug|Any CPU.Build.0 = Debug|Any CPU
		{0954A5AD-2807-4C78-A6F3-A16A88119AF3}.Release|Any CPU.ActiveCfg = Release|Any CPU
		{0954A5AD-2807-4C78-A6F3-A16A88119AF3}.Release|Any CPU.Build.0 = Release|Any CPU
		{35072C23-80EE-4A0E-AF32-42E3F429AE35}.Debug|Any CPU.ActiveCfg = Debug|Any CPU
		{35072C23-80EE-4A0E-AF32-42E3F429AE35}.Debug|Any CPU.Build.0 = Debug|Any CPU
		{35072C23-80EE-4A0E-AF32-42E3F429AE35}.Release|Any CPU.ActiveCfg = Release|Any CPU
		{35072C23-80EE-4A0E-AF32-42E3F429AE35}.Release|Any CPU.Build.0 = Release|Any CPU
		{C68ACFAF-62B2-412D-A4C0-912F9590D88A}.Debug|Any CPU.ActiveCfg = Debug|Any CPU
		{C68ACFAF-62B2-412D-A4C0-912F9590D88A}.Debug|Any CPU.Build.0 = Debug|Any CPU
		{C68ACFAF-62B2-412D-A4C0-912F9590D88A}.Release|Any CPU.ActiveCfg = Release|Any CPU
		{C68ACFAF-62B2-412D-A4C0-912F9590D88A}.Release|Any CPU.Build.0 = Release|Any CPU
		{BBD0329F-5AF9-4958-BA54-7EFD34F3D064}.Debug|Any CPU.ActiveCfg = Debug|Any CPU
		{BBD0329F-5AF9-4958-BA54-7EFD34F3D064}.Debug|Any CPU.Build.0 = Debug|Any CPU
		{BBD0329F-5AF9-4958-BA54-7EFD34F3D064}.Release|Any CPU.ActiveCfg = Release|Any CPU
		{BBD0329F-5AF9-4958-BA54-7EFD34F3D064}.Release|Any CPU.Build.0 = Release|Any CPU
		{56DDEAC8-8C91-4283-98C4-D315A8B76A16}.Debug|Any CPU.ActiveCfg = Debug|Any CPU
		{56DDEAC8-8C91-4283-98C4-D315A8B76A16}.Debug|Any CPU.Build.0 = Debug|Any CPU
		{56DDEAC8-8C91-4283-98C4-D315A8B76A16}.Release|Any CPU.ActiveCfg = Release|Any CPU
		{56DDEAC8-8C91-4283-98C4-D315A8B76A16}.Release|Any CPU.Build.0 = Release|Any CPU
		{B38B99CD-F6F1-4289-B50C-D26B68C92675}.Debug|Any CPU.ActiveCfg = Debug|Any CPU
		{B38B99CD-F6F1-4289-B50C-D26B68C92675}.Debug|Any CPU.Build.0 = Debug|Any CPU
		{B38B99CD-F6F1-4289-B50C-D26B68C92675}.Release|Any CPU.ActiveCfg = Release|Any CPU
		{B38B99CD-F6F1-4289-B50C-D26B68C92675}.Release|Any CPU.Build.0 = Release|Any CPU
		{3F53D144-2287-485F-91ED-FDA8435396B9}.Debug|Any CPU.ActiveCfg = Debug|Any CPU
		{3F53D144-2287-485F-91ED-FDA8435396B9}.Debug|Any CPU.Build.0 = Debug|Any CPU
		{3F53D144-2287-485F-91ED-FDA8435396B9}.Release|Any CPU.ActiveCfg = Release|Any CPU
		{3F53D144-2287-485F-91ED-FDA8435396B9}.Release|Any CPU.Build.0 = Release|Any CPU
		{ED465621-F944-4150-BBF0-DBC2C0F968DC}.Debug|Any CPU.ActiveCfg = Debug|Any CPU
		{ED465621-F944-4150-BBF0-DBC2C0F968DC}.Debug|Any CPU.Build.0 = Debug|Any CPU
		{ED465621-F944-4150-BBF0-DBC2C0F968DC}.Release|Any CPU.ActiveCfg = Release|Any CPU
		{ED465621-F944-4150-BBF0-DBC2C0F968DC}.Release|Any CPU.Build.0 = Release|Any CPU
	EndGlobalSection
	GlobalSection(SolutionProperties) = preSolution
		HideSolutionNode = FALSE
	EndGlobalSection
	GlobalSection(NestedProjects) = preSolution
		{35072C23-80EE-4A0E-AF32-42E3F429AE35} = {AF0FF40E-C49B-4E6E-9022-832527A001DB}
		{C68ACFAF-62B2-412D-A4C0-912F9590D88A} = {AF0FF40E-C49B-4E6E-9022-832527A001DB}
		{BBD0329F-5AF9-4958-BA54-7EFD34F3D064} = {AF0FF40E-C49B-4E6E-9022-832527A001DB}
		{56DDEAC8-8C91-4283-98C4-D315A8B76A16} = {AF0FF40E-C49B-4E6E-9022-832527A001DB}
		{B38B99CD-F6F1-4289-B50C-D26B68C92675} = {AF0FF40E-C49B-4E6E-9022-832527A001DB}
		{3F53D144-2287-485F-91ED-FDA8435396B9} = {AF0FF40E-C49B-4E6E-9022-832527A001DB}
		{ED465621-F944-4150-BBF0-DBC2C0F968DC} = {AF0FF40E-C49B-4E6E-9022-832527A001DB}
	EndGlobalSection
	GlobalSection(ExtensibilityGlobals) = postSolution
		SolutionGuid = {14795473-ECCB-4C98-9349-640E3118958D}
	EndGlobalSection
EndGlobal
