
Microsoft Visual Studio Solution File, Format Version 12.00
# Visual Studio Version 16
VisualStudioVersion = 16.0.29503.13
MinimumVisualStudioVersion = 10.0.40219.1
Project("{9A19103F-16F7-4668-BE54-9A1E7A4F7556}") = "SE", "..\Engine\SE.csproj", "{59AEADB7-F92E-4E93-9D69-C85AF262556B}"
EndProject
Project("{9A19103F-16F7-4668-BE54-9A1E7A4F7556}") = "SE.Editor", "SE.Editor.csproj", "{5666892F-E2B1-44C5-9119-32E303581BD8}"
	ProjectSection(ProjectDependencies) = postProject
		{791E6065-B9F0-48B2-92C5-B966E52132D6} = {791E6065-B9F0-48B2-92C5-B966E52132D6}
		{59AEADB7-F92E-4E93-9D69-C85AF262556B} = {59AEADB7-F92E-4E93-9D69-C85AF262556B}
	EndProjectSection
EndProject
Project("{9A19103F-16F7-4668-BE54-9A1E7A4F7556}") = "SE.Demos", "..\Demos\SE.Demos.csproj", "{791E6065-B9F0-48B2-92C5-B966E52132D6}"
	ProjectSection(ProjectDependencies) = postProject
		{59AEADB7-F92E-4E93-9D69-C85AF262556B} = {59AEADB7-F92E-4E93-9D69-C85AF262556B}
	EndProjectSection
EndProject
Global
	GlobalSection(SolutionConfigurationPlatforms) = preSolution
		Debug|Any CPU = Debug|Any CPU
		Release|Any CPU = Release|Any CPU
	EndGlobalSection
	GlobalSection(ProjectConfigurationPlatforms) = postSolution
		{59AEADB7-F92E-4E93-9D69-C85AF262556B}.Debug|Any CPU.ActiveCfg = Debug|Any CPU
		{59AEADB7-F92E-4E93-9D69-C85AF262556B}.Debug|Any CPU.Build.0 = Debug|Any CPU
		{59AEADB7-F92E-4E93-9D69-C85AF262556B}.Release|Any CPU.ActiveCfg = Release|Any CPU
		{59AEADB7-F92E-4E93-9D69-C85AF262556B}.Release|Any CPU.Build.0 = Release|Any CPU
		{5666892F-E2B1-44C5-9119-32E303581BD8}.Debug|Any CPU.ActiveCfg = Debug|Any CPU
		{5666892F-E2B1-44C5-9119-32E303581BD8}.Debug|Any CPU.Build.0 = Debug|Any CPU
		{5666892F-E2B1-44C5-9119-32E303581BD8}.Release|Any CPU.ActiveCfg = Release|Any CPU
		{5666892F-E2B1-44C5-9119-32E303581BD8}.Release|Any CPU.Build.0 = Release|Any CPU
		{791E6065-B9F0-48B2-92C5-B966E52132D6}.Debug|Any CPU.ActiveCfg = Debug|Any CPU
		{791E6065-B9F0-48B2-92C5-B966E52132D6}.Debug|Any CPU.Build.0 = Debug|Any CPU
		{791E6065-B9F0-48B2-92C5-B966E52132D6}.Release|Any CPU.ActiveCfg = Release|Any CPU
		{791E6065-B9F0-48B2-92C5-B966E52132D6}.Release|Any CPU.Build.0 = Release|Any CPU
	EndGlobalSection
	GlobalSection(SolutionProperties) = preSolution
		HideSolutionNode = FALSE
	EndGlobalSection
	GlobalSection(ExtensibilityGlobals) = postSolution
		SolutionGuid = {E22D791D-B298-424F-A1AC-878AA0AC2787}
	EndGlobalSection
EndGlobal
